// !$*UTF8*$!
{
	archiveVersion = 1;
	classes = {
	};
	objectVersion = 50;
	objects = {

/* Begin PBXBuildFile section */
		F535F9A32658F1D600C04711 /* FeatureRoutingSwiftUIApp.swift in Sources */ = {isa = PBXBuildFile; fileRef = F535F9A22658F1D600C04711 /* FeatureRoutingSwiftUIApp.swift */; };
		F535F9A52658F1D600C04711 /* ContentView.swift in Sources */ = {isa = PBXBuildFile; fileRef = F535F9A42658F1D600C04711 /* ContentView.swift */; };
		F535F9A72658F1D600C04711 /* Assets.xcassets in Resources */ = {isa = PBXBuildFile; fileRef = F535F9A62658F1D600C04711 /* Assets.xcassets */; };
		F535F9AA2658F1D600C04711 /* Preview Assets.xcassets in Resources */ = {isa = PBXBuildFile; fileRef = F535F9A92658F1D600C04711 /* Preview Assets.xcassets */; };
		F535F9B22658F62F00C04711 /* RootView.swift in Sources */ = {isa = PBXBuildFile; fileRef = F535F9B12658F62F00C04711 /* RootView.swift */; };
		F535F9B42658F91100C04711 /* DetailsView.swift in Sources */ = {isa = PBXBuildFile; fileRef = F535F9B32658F91100C04711 /* DetailsView.swift */; };
		F54533D126591A6B00801605 /* PieChartView.swift in Sources */ = {isa = PBXBuildFile; fileRef = F54533CF26591A6A00801605 /* PieChartView.swift */; };
		F54533D226591A6B00801605 /* PieSliceView.swift in Sources */ = {isa = PBXBuildFile; fileRef = F54533D026591A6B00801605 /* PieSliceView.swift */; };
		F54533D42659201300801605 /* ExtraDetailsView.swift in Sources */ = {isa = PBXBuildFile; fileRef = F54533D32659201300801605 /* ExtraDetailsView.swift */; };
/* End PBXBuildFile section */

/* Begin PBXFileReference section */
		F535F99F2658F1D600C04711 /* FeatureRoutingSwiftUI.app */ = {isa = PBXFileReference; explicitFileType = wrapper.application; includeInIndex = 0; path = FeatureRoutingSwiftUI.app; sourceTree = BUILT_PRODUCTS_DIR; };
		F535F9A22658F1D600C04711 /* FeatureRoutingSwiftUIApp.swift */ = {isa = PBXFileReference; lastKnownFileType = sourcecode.swift; path = FeatureRoutingSwiftUIApp.swift; sourceTree = "<group>"; };
		F535F9A42658F1D600C04711 /* ContentView.swift */ = {isa = PBXFileReference; lastKnownFileType = sourcecode.swift; path = ContentView.swift; sourceTree = "<group>"; };
		F535F9A62658F1D600C04711 /* Assets.xcassets */ = {isa = PBXFileReference; lastKnownFileType = folder.assetcatalog; path = Assets.xcassets; sourceTree = "<group>"; };
		F535F9A92658F1D600C04711 /* Preview Assets.xcassets */ = {isa = PBXFileReference; lastKnownFileType = folder.assetcatalog; path = "Preview Assets.xcassets"; sourceTree = "<group>"; };
		F535F9AB2658F1D600C04711 /* Info.plist */ = {isa = PBXFileReference; lastKnownFileType = text.plist.xml; path = Info.plist; sourceTree = "<group>"; };
		F535F9B12658F62F00C04711 /* RootView.swift */ = {isa = PBXFileReference; lastKnownFileType = sourcecode.swift; path = RootView.swift; sourceTree = "<group>"; };
		F535F9B32658F91100C04711 /* DetailsView.swift */ = {isa = PBXFileReference; lastKnownFileType = sourcecode.swift; path = DetailsView.swift; sourceTree = "<group>"; };
		F54533CF26591A6A00801605 /* PieChartView.swift */ = {isa = PBXFileReference; fileEncoding = 4; lastKnownFileType = sourcecode.swift; path = PieChartView.swift; sourceTree = "<group>"; };
		F54533D026591A6B00801605 /* PieSliceView.swift */ = {isa = PBXFileReference; fileEncoding = 4; lastKnownFileType = sourcecode.swift; path = PieSliceView.swift; sourceTree = "<group>"; };
		F54533D32659201300801605 /* ExtraDetailsView.swift */ = {isa = PBXFileReference; lastKnownFileType = sourcecode.swift; path = ExtraDetailsView.swift; sourceTree = "<group>"; };
/* End PBXFileReference section */

/* Begin PBXFrameworksBuildPhase section */
		F535F99C2658F1D600C04711 /* Frameworks */ = {
			isa = PBXFrameworksBuildPhase;
			buildActionMask = 2147483647;
			files = (
			);
			runOnlyForDeploymentPostprocessing = 0;
		};
/* End PBXFrameworksBuildPhase section */

/* Begin PBXGroup section */
		F535F9962658F1D600C04711 = {
			isa = PBXGroup;
			children = (
				F535F9A12658F1D600C04711 /* FeatureRoutingSwiftUI */,
				F535F9A02658F1D600C04711 /* Products */,
			);
			sourceTree = "<group>";
		};
		F535F9A02658F1D600C04711 /* Products */ = {
			isa = PBXGroup;
			children = (
				F535F99F2658F1D600C04711 /* FeatureRoutingSwiftUI.app */,
			);
			name = Products;
			sourceTree = "<group>";
		};
		F535F9A12658F1D600C04711 /* FeatureRoutingSwiftUI */ = {
			isa = PBXGroup;
			children = (
				F54533CE26591A5B00801605 /* PieChart */,
				F535F9A22658F1D600C04711 /* FeatureRoutingSwiftUIApp.swift */,
				F535F9A42658F1D600C04711 /* ContentView.swift */,
				F535F9B12658F62F00C04711 /* RootView.swift */,
				F535F9B32658F91100C04711 /* DetailsView.swift */,
				F54533D32659201300801605 /* ExtraDetailsView.swift */,
				F535F9A62658F1D600C04711 /* Assets.xcassets */,
				F535F9AB2658F1D600C04711 /* Info.plist */,
				F535F9A82658F1D600C04711 /* Preview Content */,
			);
			path = FeatureRoutingSwiftUI;
			sourceTree = "<group>";
		};
		F535F9A82658F1D600C04711 /* Preview Content */ = {
			isa = PBXGroup;
			children = (
				F535F9A92658F1D600C04711 /* Preview Assets.xcassets */,
			);
			path = "Preview Content";
			sourceTree = "<group>";
		};
		F54533CE26591A5B00801605 /* PieChart */ = {
			isa = PBXGroup;
			children = (
				F54533CF26591A6A00801605 /* PieChartView.swift */,
				F54533D026591A6B00801605 /* PieSliceView.swift */,
			);
			path = PieChart;
			sourceTree = "<group>";
		};
/* End PBXGroup section */

/* Begin PBXNativeTarget section */
		F535F99E2658F1D600C04711 /* FeatureRoutingSwiftUI */ = {
			isa = PBXNativeTarget;
			buildConfigurationList = F535F9AE2658F1D600C04711 /* Build configuration list for PBXNativeTarget "FeatureRoutingSwiftUI" */;
			buildPhases = (
				F535F99B2658F1D600C04711 /* Sources */,
				F535F99C2658F1D600C04711 /* Frameworks */,
				F535F99D2658F1D600C04711 /* Resources */,
			);
			buildRules = (
			);
			dependencies = (
			);
			name = FeatureRoutingSwiftUI;
			productName = FeatureRoutingSwiftUI;
			productReference = F535F99F2658F1D600C04711 /* FeatureRoutingSwiftUI.app */;
			productType = "com.apple.product-type.application";
		};
/* End PBXNativeTarget section */

/* Begin PBXProject section */
		F535F9972658F1D600C04711 /* Project object */ = {
			isa = PBXProject;
			attributes = {
				LastSwiftUpdateCheck = 1250;
				LastUpgradeCheck = 1250;
				TargetAttributes = {
					F535F99E2658F1D600C04711 = {
						CreatedOnToolsVersion = 12.5;
					};
				};
			};
			buildConfigurationList = F535F99A2658F1D600C04711 /* Build configuration list for PBXProject "FeatureRoutingSwiftUI" */;
			compatibilityVersion = "Xcode 9.3";
			developmentRegion = en;
			hasScannedForEncodings = 0;
			knownRegions = (
				en,
				Base,
			);
			mainGroup = F535F9962658F1D600C04711;
			productRefGroup = F535F9A02658F1D600C04711 /* Products */;
			projectDirPath = "";
			projectRoot = "";
			targets = (
				F535F99E2658F1D600C04711 /* FeatureRoutingSwiftUI */,
			);
		};
/* End PBXProject section */

/* Begin PBXResourcesBuildPhase section */
		F535F99D2658F1D600C04711 /* Resources */ = {
			isa = PBXResourcesBuildPhase;
			buildActionMask = 2147483647;
			files = (
				F535F9AA2658F1D600C04711 /* Preview Assets.xcassets in Resources */,
				F535F9A72658F1D600C04711 /* Assets.xcassets in Resources */,
			);
			runOnlyForDeploymentPostprocessing = 0;
		};
/* End PBXResourcesBuildPhase section */

/* Begin PBXSourcesBuildPhase section */
		F535F99B2658F1D600C04711 /* Sources */ = {
			isa = PBXSourcesBuildPhase;
			buildActionMask = 2147483647;
			files = (
				F535F9A52658F1D600C04711 /* ContentView.swift in Sources */,
				F54533D126591A6B00801605 /* PieChartView.swift in Sources */,
				F54533D226591A6B00801605 /* PieSliceView.swift in Sources */,
				F535F9B42658F91100C04711 /* DetailsView.swift in Sources */,
				F535F9A32658F1D600C04711 /* FeatureRoutingSwiftUIApp.swift in Sources */,
				F535F9B22658F62F00C04711 /* RootView.swift in Sources */,
				F54533D42659201300801605 /* ExtraDetailsView.swift in Sources */,
			);
			runOnlyForDeploymentPostprocessing = 0;
		};
/* End PBXSourcesBuildPhase section */

/* Begin XCBuildConfiguration section */
		F535F9AC2658F1D600C04711 /* Debug */ = {
			isa = XCBuildConfiguration;
			buildSettings = {
				ALWAYS_SEARCH_USER_PATHS = NO;
				CLANG_ANALYZER_NONNULL = YES;
				CLANG_ANALYZER_NUMBER_OBJECT_CONVERSION = YES_AGGRESSIVE;
				CLANG_CXX_LANGUAGE_STANDARD = "gnu++14";
				CLANG_CXX_LIBRARY = "libc++";
				CLANG_ENABLE_MODULES = YES;
				CLANG_ENABLE_OBJC_ARC = YES;
				CLANG_ENABLE_OBJC_WEAK = YES;
				CLANG_WARN_BLOCK_CAPTURE_AUTORELEASING = YES;
				CLANG_WARN_BOOL_CONVERSION = YES;
				CLANG_WARN_COMMA = YES;
				CLANG_WARN_CONSTANT_CONVERSION = YES;
				CLANG_WARN_DEPRECATED_OBJC_IMPLEMENTATIONS = YES;
				CLANG_WARN_DIRECT_OBJC_ISA_USAGE = YES_ERROR;
				CLANG_WARN_DOCUMENTATION_COMMENTS = YES;
				CLANG_WARN_EMPTY_BODY = YES;
				CLANG_WARN_ENUM_CONVERSION = YES;
				CLANG_WARN_INFINITE_RECURSION = YES;
				CLANG_WARN_INT_CONVERSION = YES;
				CLANG_WARN_NON_LITERAL_NULL_CONVERSION = YES;
				CLANG_WARN_OBJC_IMPLICIT_RETAIN_SELF = YES;
				CLANG_WARN_OBJC_LITERAL_CONVERSION = YES;
				CLANG_WARN_OBJC_ROOT_CLASS = YES_ERROR;
				CLANG_WARN_QUOTED_INCLUDE_IN_FRAMEWORK_HEADER = YES;
				CLANG_WARN_RANGE_LOOP_ANALYSIS = YES;
				CLANG_WARN_STRICT_PROTOTYPES = YES;
				CLANG_WARN_SUSPICIOUS_MOVE = YES;
				CLANG_WARN_UNGUARDED_AVAILABILITY = YES_AGGRESSIVE;
				CLANG_WARN_UNREACHABLE_CODE = YES;
				CLANG_WARN__DUPLICATE_METHOD_MATCH = YES;
				COPY_PHASE_STRIP = NO;
				DEBUG_INFORMATION_FORMAT = dwarf;
				ENABLE_STRICT_OBJC_MSGSEND = YES;
				ENABLE_TESTABILITY = YES;
				GCC_C_LANGUAGE_STANDARD = gnu11;
				GCC_DYNAMIC_NO_PIC = NO;
				GCC_NO_COMMON_BLOCKS = YES;
				GCC_OPTIMIZATION_LEVEL = 0;
				GCC_PREPROCESSOR_DEFINITIONS = (
					"DEBUG=1",
					"$(inherited)",
				);
				GCC_WARN_64_TO_32_BIT_CONVERSION = YES;
				GCC_WARN_ABOUT_RETURN_TYPE = YES_ERROR;
				GCC_WARN_UNDECLARED_SELECTOR = YES;
				GCC_WARN_UNINITIALIZED_AUTOS = YES_AGGRESSIVE;
				GCC_WARN_UNUSED_FUNCTION = YES;
				GCC_WARN_UNUSED_VARIABLE = YES;
				IPHONEOS_DEPLOYMENT_TARGET = 14.5;
				MTL_ENABLE_DEBUG_INFO = INCLUDE_SOURCE;
				MTL_FAST_MATH = YES;
				ONLY_ACTIVE_ARCH = YES;
				SDKROOT = iphoneos;
				SWIFT_ACTIVE_COMPILATION_CONDITIONS = DEBUG;
				SWIFT_OPTIMIZATION_LEVEL = "-Onone";
			};
			name = Debug;
		};
		F535F9AD2658F1D600C04711 /* Release */ = {
			isa = XCBuildConfiguration;
			buildSettings = {
				ALWAYS_SEARCH_USER_PATHS = NO;
				CLANG_ANALYZER_NONNULL = YES;
				CLANG_ANALYZER_NUMBER_OBJECT_CONVERSION = YES_AGGRESSIVE;
				CLANG_CXX_LANGUAGE_STANDARD = "gnu++14";
				CLANG_CXX_LIBRARY = "libc++";
				CLANG_ENABLE_MODULES = YES;
				CLANG_ENABLE_OBJC_ARC = YES;
				CLANG_ENABLE_OBJC_WEAK = YES;
				CLANG_WARN_BLOCK_CAPTURE_AUTORELEASING = YES;
				CLANG_WARN_BOOL_CONVERSION = YES;
				CLANG_WARN_COMMA = YES;
				CLANG_WARN_CONSTANT_CONVERSION = YES;
				CLANG_WARN_DEPRECATED_OBJC_IMPLEMENTATIONS = YES;
				CLANG_WARN_DIRECT_OBJC_ISA_USAGE = YES_ERROR;
				CLANG_WARN_DOCUMENTATION_COMMENTS = YES;
				CLANG_WARN_EMPTY_BODY = YES;
				CLANG_WARN_ENUM_CONVERSION = YES;
				CLANG_WARN_INFINITE_RECURSION = YES;
				CLANG_WARN_INT_CONVERSION = YES;
				CLANG_WARN_NON_LITERAL_NULL_CONVERSION = YES;
				CLANG_WARN_OBJC_IMPLICIT_RETAIN_SELF = YES;
				CLANG_WARN_OBJC_LITERAL_CONVERSION = YES;
				CLANG_WARN_OBJC_ROOT_CLASS = YES_ERROR;
				CLANG_WARN_QUOTED_INCLUDE_IN_FRAMEWORK_HEADER = YES;
				CLANG_WARN_RANGE_LOOP_ANALYSIS = YES;
				CLANG_WARN_STRICT_PROTOTYPES = YES;
				CLANG_WARN_SUSPICIOUS_MOVE = YES;
				CLANG_WARN_UNGUARDED_AVAILABILITY = YES_AGGRESSIVE;
				CLANG_WARN_UNREACHABLE_CODE = YES;
				CLANG_WARN__DUPLICATE_METHOD_MATCH = YES;
				COPY_PHASE_STRIP = NO;
				DEBUG_INFORMATION_FORMAT = "dwarf-with-dsym";
				ENABLE_NS_ASSERTIONS = NO;
				ENABLE_STRICT_OBJC_MSGSEND = YES;
				GCC_C_LANGUAGE_STANDARD = gnu11;
				GCC_NO_COMMON_BLOCKS = YES;
				GCC_WARN_64_TO_32_BIT_CONVERSION = YES;
				GCC_WARN_ABOUT_RETURN_TYPE = YES_ERROR;
				GCC_WARN_UNDECLARED_SELECTOR = YES;
				GCC_WARN_UNINITIALIZED_AUTOS = YES_AGGRESSIVE;
				GCC_WARN_UNUSED_FUNCTION = YES;
				GCC_WARN_UNUSED_VARIABLE = YES;
				IPHONEOS_DEPLOYMENT_TARGET = 14.5;
				MTL_ENABLE_DEBUG_INFO = NO;
				MTL_FAST_MATH = YES;
				SDKROOT = iphoneos;
				SWIFT_COMPILATION_MODE = wholemodule;
				SWIFT_OPTIMIZATION_LEVEL = "-O";
				VALIDATE_PRODUCT = YES;
			};
			name = Release;
		};
		F535F9AF2658F1D600C04711 /* Debug */ = {
			isa = XCBuildConfiguration;
			buildSettings = {
				ASSETCATALOG_COMPILER_APPICON_NAME = AppIcon;
				ASSETCATALOG_COMPILER_GLOBAL_ACCENT_COLOR_NAME = AccentColor;
				CODE_SIGN_STYLE = Automatic;
				DEVELOPMENT_ASSET_PATHS = "\"FeatureRoutingSwiftUI/Preview Content\"";
				ENABLE_PREVIEWS = YES;
				INFOPLIST_FILE = FeatureRoutingSwiftUI/Info.plist;
				IPHONEOS_DEPLOYMENT_TARGET = 14.0;
				LD_RUNPATH_SEARCH_PATHS = (
					"$(inherited)",
					"@executable_path/Frameworks",
				);
				PRODUCT_BUNDLE_IDENTIFIER = com.hello.FeatureRoutingSwiftUI;
				PRODUCT_NAME = "$(TARGET_NAME)";
				SWIFT_VERSION = 5.0;
				TARGETED_DEVICE_FAMILY = "1,2";
			};
			name = Debug;
		};
		F535F9B02658F1D600C04711 /* Release */ = {
			isa = XCBuildConfiguration;
			buildSettings = {
				ASSETCATALOG_COMPILER_APPICON_NAME = AppIcon;
				ASSETCATALOG_COMPILER_GLOBAL_ACCENT_COLOR_NAME = AccentColor;
				CODE_SIGN_STYLE = Automatic;
				DEVELOPMENT_ASSET_PATHS = "\"FeatureRoutingSwiftUI/Preview Content\"";
				ENABLE_PREVIEWS = YES;
				INFOPLIST_FILE = FeatureRoutingSwiftUI/Info.plist;
				IPHONEOS_DEPLOYMENT_TARGET = 14.0;
				LD_RUNPATH_SEARCH_PATHS = (
					"$(inherited)",
					"@executable_path/Frameworks",
				);
				PRODUCT_BUNDLE_IDENTIFIER = com.hello.FeatureRoutingSwiftUI;
				PRODUCT_NAME = "$(TARGET_NAME)";
				SWIFT_VERSION = 5.0;
				TARGETED_DEVICE_FAMILY = "1,2";
			};
			name = Release;
		};
/* End XCBuildConfiguration section */

/* Begin XCConfigurationList section */
		F535F99A2658F1D600C04711 /* Build configuration list for PBXProject "FeatureRoutingSwiftUI" */ = {
			isa = XCConfigurationList;
			buildConfigurations = (
				F535F9AC2658F1D600C04711 /* Debug */,
				F535F9AD2658F1D600C04711 /* Release */,
			);
			defaultConfigurationIsVisible = 0;
			defaultConfigurationName = Release;
		};
		F535F9AE2658F1D600C04711 /* Build configuration list for PBXNativeTarget "FeatureRoutingSwiftUI" */ = {
			isa = XCConfigurationList;
			buildConfigurations = (
				F535F9AF2658F1D600C04711 /* Debug */,
				F535F9B02658F1D600C04711 /* Release */,
			);
			defaultConfigurationIsVisible = 0;
			defaultConfigurationName = Release;
		};
/* End XCConfigurationList section */
	};
	rootObject = F535F9972658F1D600C04711 /* Project object */;
}
